
Microsoft Visual Studio Solution File, Format Version 12.00
# Visual Studio Version 16
VisualStudioVersion = 16.0.30611.23
MinimumVisualStudioVersion = 10.0.40219.1
Project("{FAE04EC0-301F-11D3-BF4B-00C04F79EFBC}") = "HNKLibrary", "HNKLibrary\HNKLibrary.csproj", "{D79FF031-438E-4559-BB5D-8F96D0ADBF71}"
EndProject
Project("{FAE04EC0-301F-11D3-BF4B-00C04F79EFBC}") = "StandardizedProject", "StandardizedProject\StandardizedProject.csproj", "{853BFAC4-E3F8-4711-A413-9A45664F3A3C}"
EndProject
Global
	GlobalSection(SolutionConfigurationPlatforms) = preSolution
		Debug|Any CPU = Debug|Any CPU
		Release|Any CPU = Release|Any CPU
	EndGlobalSection
	GlobalSection(ProjectConfigurationPlatforms) = postSolution
		{D79FF031-438E-4559-BB5D-8F96D0ADBF71}.Debug|Any CPU.ActiveCfg = Debug|Any CPU
		{D79FF031-438E-4559-BB5D-8F96D0ADBF71}.Debug|Any CPU.Build.0 = Debug|Any CPU
		{D79FF031-438E-4559-BB5D-8F96D0ADBF71}.Release|Any CPU.ActiveCfg = Release|Any CPU
		{D79FF031-438E-4559-BB5D-8F96D0ADBF71}.Release|Any CPU.Build.0 = Release|Any CPU
		{853BFAC4-E3F8-4711-A413-9A45664F3A3C}.Debug|Any CPU.ActiveCfg = Debug|Any CPU
		{853BFAC4-E3F8-4711-A413-9A45664F3A3C}.Debug|Any CPU.Build.0 = Debug|Any CPU
		{853BFAC4-E3F8-4711-A413-9A45664F3A3C}.Release|Any CPU.ActiveCfg = Release|Any CPU
		{853BFAC4-E3F8-4711-A413-9A45664F3A3C}.Release|Any CPU.Build.0 = Release|Any CPU
	EndGlobalSection
	GlobalSection(SolutionProperties) = preSolution
		HideSolutionNode = FALSE
	EndGlobalSection
	GlobalSection(ExtensibilityGlobals) = postSolution
		SolutionGuid = {6079860E-0FAC-48D0-8594-4452BF062F74}
	EndGlobalSection
EndGlobal
